// !$*UTF8*$!
{
	archiveVersion = 1;
	classes = {
	};
	objectVersion = 51;
	objects = {

/* Begin PBXBuildFile section */
		00B7C5CFDBAA341BB5363785 /* Pods_Cornhole_ScorerTests.framework in Frameworks */ = {isa = PBXBuildFile; fileRef = 9CC8642E931DCCEDFF5C2C18 /* Pods_Cornhole_ScorerTests.framework */; };
		54DABE1001C6368E8D992886 /* Pods_Cornhole_Scorer.framework in Frameworks */ = {isa = PBXBuildFile; fileRef = 45F9A766BA04AFB8D1372560 /* Pods_Cornhole_Scorer.framework */; };
		5718783E20EDBB8F00E67C53 /* MatchesViewControllerMatchInfoTableViewCell.swift in Sources */ = {isa = PBXBuildFile; fileRef = 5718783D20EDBB8F00E67C53 /* MatchesViewControllerMatchInfoTableViewCell.swift */; };
		571A9A04242C167F007B36CB /* CornholeUnitTests.swift in Sources */ = {isa = PBXBuildFile; fileRef = 571A9A03242C167F007B36CB /* CornholeUnitTests.swift */; };
		571A9A0C242C5D7E007B36CB /* MatchSettingsViewController.swift in Sources */ = {isa = PBXBuildFile; fileRef = 571A9A0B242C5D7E007B36CB /* MatchSettingsViewController.swift */; };
		57217385227FD0C400C95351 /* WebKit.framework in Frameworks */ = {isa = PBXBuildFile; fileRef = 57217384227FD0C400C95351 /* WebKit.framework */; };
		57239AC6234FDB9800B655DB /* GoogleService-Info.plist in Resources */ = {isa = PBXBuildFile; fileRef = 57239AC5234FDB9800B655DB /* GoogleService-Info.plist */; };
		5723CD57227BFD2100994D15 /* beige.jpg in Resources */ = {isa = PBXBuildFile; fileRef = 5723CD56227BFD2100994D15 /* beige.jpg */; };
		5729F83220F0323100B5BB99 /* MatchesViewControllerMatchTableViewCell.swift in Sources */ = {isa = PBXBuildFile; fileRef = 5729F83120F0323100B5BB99 /* MatchesViewControllerMatchTableViewCell.swift */; };
		572E3205242D79BB00558A84 /* CustomColorViewController.swift in Sources */ = {isa = PBXBuildFile; fileRef = 572E3204242D79BB00558A84 /* CustomColorViewController.swift */; };
		573CC26C20EBFB8500BAAFB0 /* CornholeLibrary.swift in Sources */ = {isa = PBXBuildFile; fileRef = 573CC26B20EBFB8500BAAFB0 /* CornholeLibrary.swift */; };
		5747BCD1211555280000EE3F /* cornholeLogo_320.jpeg in Resources */ = {isa = PBXBuildFile; fileRef = 5747BCD0211555270000EE3F /* cornholeLogo_320.jpeg */; };
		5747BCD32115554B0000EE3F /* cornholeLogo_64.jpeg in Resources */ = {isa = PBXBuildFile; fileRef = 5747BCD22115554A0000EE3F /* cornholeLogo_64.jpeg */; };
		5747BCD5211555650000EE3F /* cornholeLogo_44.jpeg in Resources */ = {isa = PBXBuildFile; fileRef = 5747BCD4211555640000EE3F /* cornholeLogo_44.jpeg */; };
		5747BCD7211555820000EE3F /* cornholeLogo_22.jpeg in Resources */ = {isa = PBXBuildFile; fileRef = 5747BCD6211555810000EE3F /* cornholeLogo_22.jpeg */; };
		5758F0872352408E009BBB25 /* EditLeaguesViewController.swift in Sources */ = {isa = PBXBuildFile; fileRef = 5758F0862352408E009BBB25 /* EditLeaguesViewController.swift */; };
		57658BDF2422B0A700D8DBFE /* StandingsViewController.swift in Sources */ = {isa = PBXBuildFile; fileRef = 57658BDE2422B0A700D8DBFE /* StandingsViewController.swift */; };
		57658BE12422B0C800D8DBFE /* StandingsViewControllerRowTableViewCell.swift in Sources */ = {isa = PBXBuildFile; fileRef = 57658BE02422B0C800D8DBFE /* StandingsViewControllerRowTableViewCell.swift */; };
		5766497B20EEAC6100DDA39C /* StatsViewController.swift in Sources */ = {isa = PBXBuildFile; fileRef = 5766497A20EEAC6100DDA39C /* StatsViewController.swift */; };
		576C23DF23F0E71B007A1529 /* AppUtility.swift in Sources */ = {isa = PBXBuildFile; fileRef = 576C23DE23F0E71B007A1529 /* AppUtility.swift */; };
		578709B723974F8A00997852 /* EditLeaguesViewControllerLeagueTableViewCell.swift in Sources */ = {isa = PBXBuildFile; fileRef = 578709B623974F8A00997852 /* EditLeaguesViewControllerLeagueTableViewCell.swift */; };
		578D28E22426A5660090DB3C /* QRScanViewController.swift in Sources */ = {isa = PBXBuildFile; fileRef = 578D28E12426A5660090DB3C /* QRScanViewController.swift */; };
		578F179D23485CDE00393FB2 /* CornholeBackground5Dark.jpeg in Resources */ = {isa = PBXBuildFile; fileRef = 578F179C23485CDD00393FB2 /* CornholeBackground5Dark.jpeg */; };
		57B4FADA2106813F00109981 /* SettingsViewController.swift in Sources */ = {isa = PBXBuildFile; fileRef = 57B4FAD92106813F00109981 /* SettingsViewController.swift */; };
		57C76D142412DF9200F1D91B /* CornholeUITests.swift in Sources */ = {isa = PBXBuildFile; fileRef = 57C76D132412DF9200F1D91B /* CornholeUITests.swift */; };
		57D6187C20EADC1400A72C9C /* AppDelegate.swift in Sources */ = {isa = PBXBuildFile; fileRef = 57D6187B20EADC1400A72C9C /* AppDelegate.swift */; };
		57D6187E20EADC1400A72C9C /* ScoreboardViewController.swift in Sources */ = {isa = PBXBuildFile; fileRef = 57D6187D20EADC1400A72C9C /* ScoreboardViewController.swift */; };
		57D6188020EADC1400A72C9C /* MatchesViewController.swift in Sources */ = {isa = PBXBuildFile; fileRef = 57D6187F20EADC1400A72C9C /* MatchesViewController.swift */; };
		57D6188320EADC1400A72C9C /* Main.storyboard in Resources */ = {isa = PBXBuildFile; fileRef = 57D6188120EADC1400A72C9C /* Main.storyboard */; };
		57D6188520EADC1500A72C9C /* Assets.xcassets in Resources */ = {isa = PBXBuildFile; fileRef = 57D6188420EADC1500A72C9C /* Assets.xcassets */; };
		57D6188820EADC1500A72C9C /* LaunchScreen.storyboard in Resources */ = {isa = PBXBuildFile; fileRef = 57D6188620EADC1500A72C9C /* LaunchScreen.storyboard */; };
		57D6189320EADC1500A72C9C /* CornholeTests.swift in Sources */ = {isa = PBXBuildFile; fileRef = 57D6189220EADC1500A72C9C /* CornholeTests.swift */; };
		57D618CE20EB1B3300A72C9C /* Cornhole.xcdatamodeld in Sources */ = {isa = PBXBuildFile; fileRef = 57D618CC20EB1B3300A72C9C /* Cornhole.xcdatamodeld */; };
		57D8BAFA2446306B00E6CC46 /* IAPManager.swift in Sources */ = {isa = PBXBuildFile; fileRef = 57D8BAF92446306B00E6CC46 /* IAPManager.swift */; };
		57EA7B9A2287497200440CEA /* CenturyGothic.ttf in Resources */ = {isa = PBXBuildFile; fileRef = 57EA7B992287492900440CEA /* CenturyGothic.ttf */; };
		57EA7B9D22874C1B00440CEA /* SourceSansPro-Bold.ttf in Resources */ = {isa = PBXBuildFile; fileRef = 57EA7B9C22874C1900440CEA /* SourceSansPro-Bold.ttf */; };
		57EA7BA722875E3000440CEA /* CornholeBackground5.jpg in Resources */ = {isa = PBXBuildFile; fileRef = 57EA7BA622875E2F00440CEA /* CornholeBackground5.jpg */; };
		57EEC9D124207E9800F54671 /* SelectColorViewController.swift in Sources */ = {isa = PBXBuildFile; fileRef = 57EEC9D024207E9800F54671 /* SelectColorViewController.swift */; };
		57F490652352576E004ED2D7 /* LeagueDetailViewController.swift in Sources */ = {isa = PBXBuildFile; fileRef = 57F490642352576E004ED2D7 /* LeagueDetailViewController.swift */; };
		57FCF13124301D3B004FF06D /* CenturyGothicItalic.ttf in Resources */ = {isa = PBXBuildFile; fileRef = 57FCF13024301D3B004FF06D /* CenturyGothicItalic.ttf */; };
/* End PBXBuildFile section */

/* Begin PBXContainerItemProxy section */
		571A9A06242C167F007B36CB /* PBXContainerItemProxy */ = {
			isa = PBXContainerItemProxy;
			containerPortal = 57D6187020EADC1400A72C9C /* Project object */;
			proxyType = 1;
			remoteGlobalIDString = 57D6187720EADC1400A72C9C;
			remoteInfo = "Cornhole Scorer";
		};
		57C76D162412DF9200F1D91B /* PBXContainerItemProxy */ = {
			isa = PBXContainerItemProxy;
			containerPortal = 57D6187020EADC1400A72C9C /* Project object */;
			proxyType = 1;
			remoteGlobalIDString = 57D6187720EADC1400A72C9C;
			remoteInfo = "Cornhole Scorer";
		};
		57D6188F20EADC1500A72C9C /* PBXContainerItemProxy */ = {
			isa = PBXContainerItemProxy;
			containerPortal = 57D6187020EADC1400A72C9C /* Project object */;
			proxyType = 1;
			remoteGlobalIDString = 57D6187720EADC1400A72C9C;
			remoteInfo = Cornhole;
		};
/* End PBXContainerItemProxy section */

/* Begin PBXFileReference section */
		2C801A36F0B46D8CE13D97C5 /* Pods-Cornhole Scorer.release.xcconfig */ = {isa = PBXFileReference; includeInIndex = 1; lastKnownFileType = text.xcconfig; name = "Pods-Cornhole Scorer.release.xcconfig"; path = "Pods/Target Support Files/Pods-Cornhole Scorer/Pods-Cornhole Scorer.release.xcconfig"; sourceTree = "<group>"; };
		3BDEAE40A974F0796C00EEC8 /* Pods-Cornhole Scorer.debug.xcconfig */ = {isa = PBXFileReference; includeInIndex = 1; lastKnownFileType = text.xcconfig; name = "Pods-Cornhole Scorer.debug.xcconfig"; path = "Pods/Target Support Files/Pods-Cornhole Scorer/Pods-Cornhole Scorer.debug.xcconfig"; sourceTree = "<group>"; };
		45F9A766BA04AFB8D1372560 /* Pods_Cornhole_Scorer.framework */ = {isa = PBXFileReference; explicitFileType = wrapper.framework; includeInIndex = 0; path = Pods_Cornhole_Scorer.framework; sourceTree = BUILT_PRODUCTS_DIR; };
		5718783D20EDBB8F00E67C53 /* MatchesViewControllerMatchInfoTableViewCell.swift */ = {isa = PBXFileReference; lastKnownFileType = sourcecode.swift; path = MatchesViewControllerMatchInfoTableViewCell.swift; sourceTree = "<group>"; };
		571A9A01242C167F007B36CB /* CornholeUnitTests.xctest */ = {isa = PBXFileReference; explicitFileType = wrapper.cfbundle; includeInIndex = 0; path = CornholeUnitTests.xctest; sourceTree = BUILT_PRODUCTS_DIR; };
		571A9A03242C167F007B36CB /* CornholeUnitTests.swift */ = {isa = PBXFileReference; lastKnownFileType = sourcecode.swift; path = CornholeUnitTests.swift; sourceTree = "<group>"; };
		571A9A05242C167F007B36CB /* Info.plist */ = {isa = PBXFileReference; lastKnownFileType = text.plist.xml; path = Info.plist; sourceTree = "<group>"; };
		571A9A0B242C5D7E007B36CB /* MatchSettingsViewController.swift */ = {isa = PBXFileReference; lastKnownFileType = sourcecode.swift; path = MatchSettingsViewController.swift; sourceTree = "<group>"; };
		571B821B23345DDF002E8F70 /* Cornhole v2.xcdatamodel */ = {isa = PBXFileReference; lastKnownFileType = wrapper.xcdatamodel; path = "Cornhole v2.xcdatamodel"; sourceTree = "<group>"; };
		57217384227FD0C400C95351 /* WebKit.framework */ = {isa = PBXFileReference; lastKnownFileType = wrapper.framework; name = WebKit.framework; path = System/Library/Frameworks/WebKit.framework; sourceTree = SDKROOT; };
		57239AC5234FDB9800B655DB /* GoogleService-Info.plist */ = {isa = PBXFileReference; fileEncoding = 4; lastKnownFileType = text.plist.xml; path = "GoogleService-Info.plist"; sourceTree = "<group>"; };
		5723CD56227BFD2100994D15 /* beige.jpg */ = {isa = PBXFileReference; lastKnownFileType = image.jpeg; path = beige.jpg; sourceTree = "<group>"; };
		5729F83120F0323100B5BB99 /* MatchesViewControllerMatchTableViewCell.swift */ = {isa = PBXFileReference; lastKnownFileType = sourcecode.swift; path = MatchesViewControllerMatchTableViewCell.swift; sourceTree = "<group>"; };
		572E3204242D79BB00558A84 /* CustomColorViewController.swift */ = {isa = PBXFileReference; lastKnownFileType = sourcecode.swift; path = CustomColorViewController.swift; sourceTree = "<group>"; };
		573CC26B20EBFB8500BAAFB0 /* CornholeLibrary.swift */ = {isa = PBXFileReference; lastKnownFileType = sourcecode.swift; path = CornholeLibrary.swift; sourceTree = "<group>"; };
		5747BCD0211555270000EE3F /* cornholeLogo_320.jpeg */ = {isa = PBXFileReference; lastKnownFileType = image.jpeg; path = cornholeLogo_320.jpeg; sourceTree = "<group>"; };
		5747BCD22115554A0000EE3F /* cornholeLogo_64.jpeg */ = {isa = PBXFileReference; lastKnownFileType = image.jpeg; path = cornholeLogo_64.jpeg; sourceTree = "<group>"; };
		5747BCD4211555640000EE3F /* cornholeLogo_44.jpeg */ = {isa = PBXFileReference; lastKnownFileType = image.jpeg; path = cornholeLogo_44.jpeg; sourceTree = "<group>"; };
		5747BCD6211555810000EE3F /* cornholeLogo_22.jpeg */ = {isa = PBXFileReference; lastKnownFileType = image.jpeg; path = cornholeLogo_22.jpeg; sourceTree = "<group>"; };
		5758F0862352408E009BBB25 /* EditLeaguesViewController.swift */ = {isa = PBXFileReference; lastKnownFileType = sourcecode.swift; path = EditLeaguesViewController.swift; sourceTree = "<group>"; };
		57658BDE2422B0A700D8DBFE /* StandingsViewController.swift */ = {isa = PBXFileReference; lastKnownFileType = sourcecode.swift; path = StandingsViewController.swift; sourceTree = "<group>"; };
		57658BE02422B0C800D8DBFE /* StandingsViewControllerRowTableViewCell.swift */ = {isa = PBXFileReference; lastKnownFileType = sourcecode.swift; path = StandingsViewControllerRowTableViewCell.swift; sourceTree = "<group>"; };
		5766497A20EEAC6100DDA39C /* StatsViewController.swift */ = {isa = PBXFileReference; lastKnownFileType = sourcecode.swift; path = StatsViewController.swift; sourceTree = "<group>"; };
		576C23DE23F0E71B007A1529 /* AppUtility.swift */ = {isa = PBXFileReference; lastKnownFileType = sourcecode.swift; path = AppUtility.swift; sourceTree = "<group>"; };
		578709B623974F8A00997852 /* EditLeaguesViewControllerLeagueTableViewCell.swift */ = {isa = PBXFileReference; lastKnownFileType = sourcecode.swift; path = EditLeaguesViewControllerLeagueTableViewCell.swift; sourceTree = "<group>"; };
		578D28E12426A5660090DB3C /* QRScanViewController.swift */ = {isa = PBXFileReference; lastKnownFileType = sourcecode.swift; path = QRScanViewController.swift; sourceTree = "<group>"; };
		578F179C23485CDD00393FB2 /* CornholeBackground5Dark.jpeg */ = {isa = PBXFileReference; lastKnownFileType = image.jpeg; path = CornholeBackground5Dark.jpeg; sourceTree = "<group>"; };
		57B4FAD92106813F00109981 /* SettingsViewController.swift */ = {isa = PBXFileReference; lastKnownFileType = sourcecode.swift; path = SettingsViewController.swift; sourceTree = "<group>"; };
		57C76D112412DF9200F1D91B /* CornholeUITests.xctest */ = {isa = PBXFileReference; explicitFileType = wrapper.cfbundle; includeInIndex = 0; path = CornholeUITests.xctest; sourceTree = BUILT_PRODUCTS_DIR; };
		57C76D132412DF9200F1D91B /* CornholeUITests.swift */ = {isa = PBXFileReference; lastKnownFileType = sourcecode.swift; path = CornholeUITests.swift; sourceTree = "<group>"; };
		57C76D152412DF9200F1D91B /* Info.plist */ = {isa = PBXFileReference; lastKnownFileType = text.plist.xml; path = Info.plist; sourceTree = "<group>"; };
		57D6187820EADC1400A72C9C /* Cornhole Scorer.app */ = {isa = PBXFileReference; explicitFileType = wrapper.application; includeInIndex = 0; path = "Cornhole Scorer.app"; sourceTree = BUILT_PRODUCTS_DIR; };
		57D6187B20EADC1400A72C9C /* AppDelegate.swift */ = {isa = PBXFileReference; lastKnownFileType = sourcecode.swift; path = AppDelegate.swift; sourceTree = "<group>"; };
		57D6187D20EADC1400A72C9C /* ScoreboardViewController.swift */ = {isa = PBXFileReference; lastKnownFileType = sourcecode.swift; path = ScoreboardViewController.swift; sourceTree = "<group>"; };
		57D6187F20EADC1400A72C9C /* MatchesViewController.swift */ = {isa = PBXFileReference; lastKnownFileType = sourcecode.swift; path = MatchesViewController.swift; sourceTree = "<group>"; };
		57D6188220EADC1400A72C9C /* Base */ = {isa = PBXFileReference; lastKnownFileType = file.storyboard; name = Base; path = Base.lproj/Main.storyboard; sourceTree = "<group>"; };
		57D6188420EADC1500A72C9C /* Assets.xcassets */ = {isa = PBXFileReference; lastKnownFileType = folder.assetcatalog; path = Assets.xcassets; sourceTree = "<group>"; };
		57D6188720EADC1500A72C9C /* Base */ = {isa = PBXFileReference; lastKnownFileType = file.storyboard; name = Base; path = Base.lproj/LaunchScreen.storyboard; sourceTree = "<group>"; };
		57D6188920EADC1500A72C9C /* Info.plist */ = {isa = PBXFileReference; lastKnownFileType = text.plist.xml; path = Info.plist; sourceTree = "<group>"; };
		57D6188E20EADC1500A72C9C /* Cornhole ScorerTests.xctest */ = {isa = PBXFileReference; explicitFileType = wrapper.cfbundle; includeInIndex = 0; path = "Cornhole ScorerTests.xctest"; sourceTree = BUILT_PRODUCTS_DIR; };
		57D6189220EADC1500A72C9C /* CornholeTests.swift */ = {isa = PBXFileReference; lastKnownFileType = sourcecode.swift; path = CornholeTests.swift; sourceTree = "<group>"; };
		57D6189420EADC1500A72C9C /* Info.plist */ = {isa = PBXFileReference; lastKnownFileType = text.plist.xml; path = Info.plist; sourceTree = "<group>"; };
		57D618CD20EB1B3300A72C9C /* Cornhole.xcdatamodel */ = {isa = PBXFileReference; lastKnownFileType = wrapper.xcdatamodel; path = Cornhole.xcdatamodel; sourceTree = "<group>"; };
		57D8BAF92446306B00E6CC46 /* IAPManager.swift */ = {isa = PBXFileReference; lastKnownFileType = sourcecode.swift; path = IAPManager.swift; sourceTree = "<group>"; };
		57DC924F21097A6000162DB6 /* Cornhole Scorer.entitlements */ = {isa = PBXFileReference; lastKnownFileType = text.plist.entitlements; path = "Cornhole Scorer.entitlements"; sourceTree = "<group>"; };
		57EA7B992287492900440CEA /* CenturyGothic.ttf */ = {isa = PBXFileReference; lastKnownFileType = file; path = CenturyGothic.ttf; sourceTree = "<group>"; };
		57EA7B9C22874C1900440CEA /* SourceSansPro-Bold.ttf */ = {isa = PBXFileReference; lastKnownFileType = file; path = "SourceSansPro-Bold.ttf"; sourceTree = "<group>"; };
		57EA7BA622875E2F00440CEA /* CornholeBackground5.jpg */ = {isa = PBXFileReference; lastKnownFileType = image.jpeg; path = CornholeBackground5.jpg; sourceTree = "<group>"; };
		57EEC9D024207E9800F54671 /* SelectColorViewController.swift */ = {isa = PBXFileReference; lastKnownFileType = sourcecode.swift; path = SelectColorViewController.swift; sourceTree = "<group>"; };
		57F490642352576E004ED2D7 /* LeagueDetailViewController.swift */ = {isa = PBXFileReference; lastKnownFileType = sourcecode.swift; path = LeagueDetailViewController.swift; sourceTree = "<group>"; };
		57FCF13024301D3B004FF06D /* CenturyGothicItalic.ttf */ = {isa = PBXFileReference; lastKnownFileType = file; path = CenturyGothicItalic.ttf; sourceTree = "<group>"; };
		9CC8642E931DCCEDFF5C2C18 /* Pods_Cornhole_ScorerTests.framework */ = {isa = PBXFileReference; explicitFileType = wrapper.framework; includeInIndex = 0; path = Pods_Cornhole_ScorerTests.framework; sourceTree = BUILT_PRODUCTS_DIR; };
		C9D24FE8A8A8199096B7558B /* Pods-Cornhole ScorerTests.release.xcconfig */ = {isa = PBXFileReference; includeInIndex = 1; lastKnownFileType = text.xcconfig; name = "Pods-Cornhole ScorerTests.release.xcconfig"; path = "Pods/Target Support Files/Pods-Cornhole ScorerTests/Pods-Cornhole ScorerTests.release.xcconfig"; sourceTree = "<group>"; };
		D82F22497271F0E4CBDECBAB /* Pods-Cornhole ScorerTests.debug.xcconfig */ = {isa = PBXFileReference; includeInIndex = 1; lastKnownFileType = text.xcconfig; name = "Pods-Cornhole ScorerTests.debug.xcconfig"; path = "Pods/Target Support Files/Pods-Cornhole ScorerTests/Pods-Cornhole ScorerTests.debug.xcconfig"; sourceTree = "<group>"; };
/* End PBXFileReference section */

/* Begin PBXFrameworksBuildPhase section */
		571A99FE242C167F007B36CB /* Frameworks */ = {
			isa = PBXFrameworksBuildPhase;
			buildActionMask = 2147483647;
			files = (
			);
			runOnlyForDeploymentPostprocessing = 0;
		};
		57C76D0E2412DF9200F1D91B /* Frameworks */ = {
			isa = PBXFrameworksBuildPhase;
			buildActionMask = 2147483647;
			files = (
			);
			runOnlyForDeploymentPostprocessing = 0;
		};
		57D6187520EADC1400A72C9C /* Frameworks */ = {
			isa = PBXFrameworksBuildPhase;
			buildActionMask = 2147483647;
			files = (
				57217385227FD0C400C95351 /* WebKit.framework in Frameworks */,
				54DABE1001C6368E8D992886 /* Pods_Cornhole_Scorer.framework in Frameworks */,
			);
			runOnlyForDeploymentPostprocessing = 0;
		};
		57D6188B20EADC1500A72C9C /* Frameworks */ = {
			isa = PBXFrameworksBuildPhase;
			buildActionMask = 2147483647;
			files = (
				00B7C5CFDBAA341BB5363785 /* Pods_Cornhole_ScorerTests.framework in Frameworks */,
			);
			runOnlyForDeploymentPostprocessing = 0;
		};
/* End PBXFrameworksBuildPhase section */

/* Begin PBXGroup section */
		15243D4BE3AE2F3BA5D192EC /* Pods */ = {
			isa = PBXGroup;
			children = (
				3BDEAE40A974F0796C00EEC8 /* Pods-Cornhole Scorer.debug.xcconfig */,
				2C801A36F0B46D8CE13D97C5 /* Pods-Cornhole Scorer.release.xcconfig */,
				D82F22497271F0E4CBDECBAB /* Pods-Cornhole ScorerTests.debug.xcconfig */,
				C9D24FE8A8A8199096B7558B /* Pods-Cornhole ScorerTests.release.xcconfig */,
			);
			name = Pods;
			sourceTree = "<group>";
		};
		571A9A02242C167F007B36CB /* CornholeUnitTests */ = {
			isa = PBXGroup;
			children = (
				571A9A03242C167F007B36CB /* CornholeUnitTests.swift */,
				571A9A05242C167F007B36CB /* Info.plist */,
			);
			path = CornholeUnitTests;
			sourceTree = "<group>";
		};
		57C76D122412DF9200F1D91B /* CornholeUITests */ = {
			isa = PBXGroup;
			children = (
				57C76D132412DF9200F1D91B /* CornholeUITests.swift */,
				57C76D152412DF9200F1D91B /* Info.plist */,
			);
			path = CornholeUITests;
			sourceTree = "<group>";
		};
		57D6186F20EADC1400A72C9C = {
			isa = PBXGroup;
			children = (
				57DC924F21097A6000162DB6 /* Cornhole Scorer.entitlements */,
				57D6187A20EADC1400A72C9C /* Cornhole */,
				57D6189120EADC1500A72C9C /* CornholeTests */,
				57C76D122412DF9200F1D91B /* CornholeUITests */,
				571A9A02242C167F007B36CB /* CornholeUnitTests */,
				57D6187920EADC1400A72C9C /* Products */,
				15243D4BE3AE2F3BA5D192EC /* Pods */,
				EBF2746E9F308829743D1F29 /* Frameworks */,
			);
			sourceTree = "<group>";
		};
		57D6187920EADC1400A72C9C /* Products */ = {
			isa = PBXGroup;
			children = (
				57D6187820EADC1400A72C9C /* Cornhole Scorer.app */,
				57D6188E20EADC1500A72C9C /* Cornhole ScorerTests.xctest */,
				57C76D112412DF9200F1D91B /* CornholeUITests.xctest */,
				571A9A01242C167F007B36CB /* CornholeUnitTests.xctest */,
			);
			name = Products;
			sourceTree = "<group>";
		};
		57D6187A20EADC1400A72C9C /* Cornhole */ = {
			isa = PBXGroup;
			children = (
				57E75EE922A5B0760077159E /* Images */,
				57E75EE822A5B0570077159E /* Fonts */,
				57D6187B20EADC1400A72C9C /* AppDelegate.swift */,
				57B4FAD92106813F00109981 /* SettingsViewController.swift */,
				573CC26B20EBFB8500BAAFB0 /* CornholeLibrary.swift */,
				5729F83120F0323100B5BB99 /* MatchesViewControllerMatchTableViewCell.swift */,
				5718783D20EDBB8F00E67C53 /* MatchesViewControllerMatchInfoTableViewCell.swift */,
				57D6187D20EADC1400A72C9C /* ScoreboardViewController.swift */,
				57D618CC20EB1B3300A72C9C /* Cornhole.xcdatamodeld */,
				57D6187F20EADC1400A72C9C /* MatchesViewController.swift */,
				5766497A20EEAC6100DDA39C /* StatsViewController.swift */,
				57D6188120EADC1400A72C9C /* Main.storyboard */,
				57EEC9D024207E9800F54671 /* SelectColorViewController.swift */,
				57D6188420EADC1500A72C9C /* Assets.xcassets */,
				57D6188620EADC1500A72C9C /* LaunchScreen.storyboard */,
				57D6188920EADC1500A72C9C /* Info.plist */,
				57239AC5234FDB9800B655DB /* GoogleService-Info.plist */,
				5758F0862352408E009BBB25 /* EditLeaguesViewController.swift */,
				57F490642352576E004ED2D7 /* LeagueDetailViewController.swift */,
				578709B623974F8A00997852 /* EditLeaguesViewControllerLeagueTableViewCell.swift */,
				57658BDE2422B0A700D8DBFE /* StandingsViewController.swift */,
				576C23DE23F0E71B007A1529 /* AppUtility.swift */,
				57658BE02422B0C800D8DBFE /* StandingsViewControllerRowTableViewCell.swift */,
				578D28E12426A5660090DB3C /* QRScanViewController.swift */,
				571A9A0B242C5D7E007B36CB /* MatchSettingsViewController.swift */,
				572E3204242D79BB00558A84 /* CustomColorViewController.swift */,
				57D8BAF92446306B00E6CC46 /* IAPManager.swift */,
			);
			path = Cornhole;
			sourceTree = "<group>";
		};
		57D6189120EADC1500A72C9C /* CornholeTests */ = {
			isa = PBXGroup;
			children = (
				57D6189220EADC1500A72C9C /* CornholeTests.swift */,
				57D6189420EADC1500A72C9C /* Info.plist */,
			);
			path = CornholeTests;
			sourceTree = "<group>";
		};
		57E75EE822A5B0570077159E /* Fonts */ = {
			isa = PBXGroup;
			children = (
				57EA7B992287492900440CEA /* CenturyGothic.ttf */,
				57EA7B9C22874C1900440CEA /* SourceSansPro-Bold.ttf */,
				57FCF13024301D3B004FF06D /* CenturyGothicItalic.ttf */,
			);
			path = Fonts;
			sourceTree = "<group>";
		};
		57E75EE922A5B0760077159E /* Images */ = {
			isa = PBXGroup;
			children = (
				5723CD56227BFD2100994D15 /* beige.jpg */,
				5747BCD0211555270000EE3F /* cornholeLogo_320.jpeg */,
				5747BCD22115554A0000EE3F /* cornholeLogo_64.jpeg */,
				5747BCD4211555640000EE3F /* cornholeLogo_44.jpeg */,
				5747BCD6211555810000EE3F /* cornholeLogo_22.jpeg */,
				57EA7BA622875E2F00440CEA /* CornholeBackground5.jpg */,
				578F179C23485CDD00393FB2 /* CornholeBackground5Dark.jpeg */,
			);
			path = Images;
			sourceTree = "<group>";
		};
		EBF2746E9F308829743D1F29 /* Frameworks */ = {
			isa = PBXGroup;
			children = (
				57217384227FD0C400C95351 /* WebKit.framework */,
				45F9A766BA04AFB8D1372560 /* Pods_Cornhole_Scorer.framework */,
				9CC8642E931DCCEDFF5C2C18 /* Pods_Cornhole_ScorerTests.framework */,
			);
			name = Frameworks;
			sourceTree = "<group>";
		};
/* End PBXGroup section */

/* Begin PBXNativeTarget section */
		571A9A00242C167F007B36CB /* CornholeUnitTests */ = {
			isa = PBXNativeTarget;
			buildConfigurationList = 571A9A0A242C167F007B36CB /* Build configuration list for PBXNativeTarget "CornholeUnitTests" */;
			buildPhases = (
				571A99FD242C167F007B36CB /* Sources */,
				571A99FE242C167F007B36CB /* Frameworks */,
				571A99FF242C167F007B36CB /* Resources */,
			);
			buildRules = (
			);
			dependencies = (
				571A9A07242C167F007B36CB /* PBXTargetDependency */,
			);
			name = CornholeUnitTests;
			productName = CornholeUnitTests;
			productReference = 571A9A01242C167F007B36CB /* CornholeUnitTests.xctest */;
			productType = "com.apple.product-type.bundle.unit-test";
		};
		57C76D102412DF9200F1D91B /* CornholeUITests */ = {
			isa = PBXNativeTarget;
			buildConfigurationList = 57C76D1A2412DF9200F1D91B /* Build configuration list for PBXNativeTarget "CornholeUITests" */;
			buildPhases = (
				57C76D0D2412DF9200F1D91B /* Sources */,
				57C76D0E2412DF9200F1D91B /* Frameworks */,
				57C76D0F2412DF9200F1D91B /* Resources */,
			);
			buildRules = (
			);
			dependencies = (
				57C76D172412DF9200F1D91B /* PBXTargetDependency */,
			);
			name = CornholeUITests;
			productName = CornholeUITests;
			productReference = 57C76D112412DF9200F1D91B /* CornholeUITests.xctest */;
			productType = "com.apple.product-type.bundle.ui-testing";
		};
		57D6187720EADC1400A72C9C /* Cornhole Scorer */ = {
			isa = PBXNativeTarget;
			buildConfigurationList = 57D6189720EADC1500A72C9C /* Build configuration list for PBXNativeTarget "Cornhole Scorer" */;
			buildPhases = (
				BCE8F005DBC9665C12DC6881 /* [CP] Check Pods Manifest.lock */,
				57D6187420EADC1400A72C9C /* Sources */,
				57D6187520EADC1400A72C9C /* Frameworks */,
				57D6187620EADC1400A72C9C /* Resources */,
				CF9EC24D7819BD5B8502FC6F /* [CP] Embed Pods Frameworks */,
				8C41698BEA9BDB631805FF51 /* [CP] Copy Pods Resources */,
			);
			buildRules = (
			);
			dependencies = (
			);
			name = "Cornhole Scorer";
			productName = Cornhole;
			productReference = 57D6187820EADC1400A72C9C /* Cornhole Scorer.app */;
			productType = "com.apple.product-type.application";
		};
		57D6188D20EADC1500A72C9C /* Cornhole ScorerTests */ = {
			isa = PBXNativeTarget;
			buildConfigurationList = 57D6189A20EADC1500A72C9C /* Build configuration list for PBXNativeTarget "Cornhole ScorerTests" */;
			buildPhases = (
				BD44B4F42B8116840404E093 /* [CP] Check Pods Manifest.lock */,
				57D6188A20EADC1500A72C9C /* Sources */,
				57D6188B20EADC1500A72C9C /* Frameworks */,
				57D6188C20EADC1500A72C9C /* Resources */,
			);
			buildRules = (
			);
			dependencies = (
				57D6189020EADC1500A72C9C /* PBXTargetDependency */,
			);
			name = "Cornhole ScorerTests";
			productName = CornholeTests;
			productReference = 57D6188E20EADC1500A72C9C /* Cornhole ScorerTests.xctest */;
			productType = "com.apple.product-type.bundle.unit-test";
		};
/* End PBXNativeTarget section */

/* Begin PBXProject section */
		57D6187020EADC1400A72C9C /* Project object */ = {
			isa = PBXProject;
			attributes = {
				CLASSPREFIX = kidscancode;
				LastSwiftUpdateCheck = 1130;
				LastUpgradeCheck = 0940;
				ORGANIZATIONNAME = "Kids Can Code";
				TargetAttributes = {
					571A9A00242C167F007B36CB = {
						CreatedOnToolsVersion = 11.3.1;
						TestTargetID = 57D6187720EADC1400A72C9C;
					};
					57C76D102412DF9200F1D91B = {
						CreatedOnToolsVersion = 11.3.1;
						TestTargetID = 57D6187720EADC1400A72C9C;
					};
					57D6187720EADC1400A72C9C = {
						CreatedOnToolsVersion = 9.4.1;
						LastSwiftMigration = 1020;
						SystemCapabilities = {
							com.apple.InAppPurchase = {
								enabled = 0;
							};
							com.apple.Keychain = {
								enabled = 0;
							};
							com.apple.iCloud = {
								enabled = 0;
							};
						};
					};
					57D6188D20EADC1500A72C9C = {
						CreatedOnToolsVersion = 9.4.1;
						LastSwiftMigration = 1020;
						TestTargetID = 57D6187720EADC1400A72C9C;
					};
				};
			};
			buildConfigurationList = 57D6187320EADC1400A72C9C /* Build configuration list for PBXProject "Cornhole Scorer" */;
			compatibilityVersion = "Xcode 9.3";
			developmentRegion = en;
			hasScannedForEncodings = 0;
			knownRegions = (
				en,
				Base,
			);
			mainGroup = 57D6186F20EADC1400A72C9C;
			productRefGroup = 57D6187920EADC1400A72C9C /* Products */;
			projectDirPath = "";
			projectRoot = "";
			targets = (
				57D6187720EADC1400A72C9C /* Cornhole Scorer */,
				57D6188D20EADC1500A72C9C /* Cornhole ScorerTests */,
				57C76D102412DF9200F1D91B /* CornholeUITests */,
				571A9A00242C167F007B36CB /* CornholeUnitTests */,
			);
		};
/* End PBXProject section */

/* Begin PBXResourcesBuildPhase section */
		571A99FF242C167F007B36CB /* Resources */ = {
			isa = PBXResourcesBuildPhase;
			buildActionMask = 2147483647;
			files = (
			);
			runOnlyForDeploymentPostprocessing = 0;
		};
		57C76D0F2412DF9200F1D91B /* Resources */ = {
			isa = PBXResourcesBuildPhase;
			buildActionMask = 2147483647;
			files = (
			);
			runOnlyForDeploymentPostprocessing = 0;
		};
		57D6187620EADC1400A72C9C /* Resources */ = {
			isa = PBXResourcesBuildPhase;
			buildActionMask = 2147483647;
			files = (
				57239AC6234FDB9800B655DB /* GoogleService-Info.plist in Resources */,
				5747BCD32115554B0000EE3F /* cornholeLogo_64.jpeg in Resources */,
				57D6188820EADC1500A72C9C /* LaunchScreen.storyboard in Resources */,
				57EA7B9A2287497200440CEA /* CenturyGothic.ttf in Resources */,
				5723CD57227BFD2100994D15 /* beige.jpg in Resources */,
				5747BCD5211555650000EE3F /* cornholeLogo_44.jpeg in Resources */,
				578F179D23485CDE00393FB2 /* CornholeBackground5Dark.jpeg in Resources */,
				57D6188520EADC1500A72C9C /* Assets.xcassets in Resources */,
				5747BCD1211555280000EE3F /* cornholeLogo_320.jpeg in Resources */,
				57FCF13124301D3B004FF06D /* CenturyGothicItalic.ttf in Resources */,
				5747BCD7211555820000EE3F /* cornholeLogo_22.jpeg in Resources */,
				57D6188320EADC1400A72C9C /* Main.storyboard in Resources */,
				57EA7B9D22874C1B00440CEA /* SourceSansPro-Bold.ttf in Resources */,
				57EA7BA722875E3000440CEA /* CornholeBackground5.jpg in Resources */,
			);
			runOnlyForDeploymentPostprocessing = 0;
		};
		57D6188C20EADC1500A72C9C /* Resources */ = {
			isa = PBXResourcesBuildPhase;
			buildActionMask = 2147483647;
			files = (
			);
			runOnlyForDeploymentPostprocessing = 0;
		};
/* End PBXResourcesBuildPhase section */

/* Begin PBXShellScriptBuildPhase section */
		8C41698BEA9BDB631805FF51 /* [CP] Copy Pods Resources */ = {
			isa = PBXShellScriptBuildPhase;
			buildActionMask = 2147483647;
			files = (
			);
			inputFileListPaths = (
				"${PODS_ROOT}/Target Support Files/Pods-Cornhole Scorer/Pods-Cornhole Scorer-resources-${CONFIGURATION}-input-files.xcfilelist",
			);
			name = "[CP] Copy Pods Resources";
			outputFileListPaths = (
				"${PODS_ROOT}/Target Support Files/Pods-Cornhole Scorer/Pods-Cornhole Scorer-resources-${CONFIGURATION}-output-files.xcfilelist",
			);
			runOnlyForDeploymentPostprocessing = 0;
			shellPath = /bin/sh;
			shellScript = "\"${PODS_ROOT}/Target Support Files/Pods-Cornhole Scorer/Pods-Cornhole Scorer-resources.sh\"\n";
			showEnvVarsInLog = 0;
		};
		BCE8F005DBC9665C12DC6881 /* [CP] Check Pods Manifest.lock */ = {
			isa = PBXShellScriptBuildPhase;
			buildActionMask = 2147483647;
			files = (
			);
			inputPaths = (
				"${PODS_PODFILE_DIR_PATH}/Podfile.lock",
				"${PODS_ROOT}/Manifest.lock",
			);
			name = "[CP] Check Pods Manifest.lock";
			outputPaths = (
				"$(DERIVED_FILE_DIR)/Pods-Cornhole Scorer-checkManifestLockResult.txt",
			);
			runOnlyForDeploymentPostprocessing = 0;
			shellPath = /bin/sh;
			shellScript = "diff \"${PODS_PODFILE_DIR_PATH}/Podfile.lock\" \"${PODS_ROOT}/Manifest.lock\" > /dev/null\nif [ $? != 0 ] ; then\n    # print error to STDERR\n    echo \"error: The sandbox is not in sync with the Podfile.lock. Run 'pod install' or update your CocoaPods installation.\" >&2\n    exit 1\nfi\n# This output is used by Xcode 'outputs' to avoid re-running this script phase.\necho \"SUCCESS\" > \"${SCRIPT_OUTPUT_FILE_0}\"\n";
			showEnvVarsInLog = 0;
		};
		BD44B4F42B8116840404E093 /* [CP] Check Pods Manifest.lock */ = {
			isa = PBXShellScriptBuildPhase;
			buildActionMask = 2147483647;
			files = (
			);
			inputPaths = (
				"${PODS_PODFILE_DIR_PATH}/Podfile.lock",
				"${PODS_ROOT}/Manifest.lock",
			);
			name = "[CP] Check Pods Manifest.lock";
			outputPaths = (
				"$(DERIVED_FILE_DIR)/Pods-Cornhole ScorerTests-checkManifestLockResult.txt",
			);
			runOnlyForDeploymentPostprocessing = 0;
			shellPath = /bin/sh;
			shellScript = "diff \"${PODS_PODFILE_DIR_PATH}/Podfile.lock\" \"${PODS_ROOT}/Manifest.lock\" > /dev/null\nif [ $? != 0 ] ; then\n    # print error to STDERR\n    echo \"error: The sandbox is not in sync with the Podfile.lock. Run 'pod install' or update your CocoaPods installation.\" >&2\n    exit 1\nfi\n# This output is used by Xcode 'outputs' to avoid re-running this script phase.\necho \"SUCCESS\" > \"${SCRIPT_OUTPUT_FILE_0}\"\n";
			showEnvVarsInLog = 0;
		};
		CF9EC24D7819BD5B8502FC6F /* [CP] Embed Pods Frameworks */ = {
			isa = PBXShellScriptBuildPhase;
			buildActionMask = 2147483647;
			files = (
			);
			inputFileListPaths = (
				"${PODS_ROOT}/Target Support Files/Pods-Cornhole Scorer/Pods-Cornhole Scorer-frameworks-${CONFIGURATION}-input-files.xcfilelist",
			);
			name = "[CP] Embed Pods Frameworks";
			outputFileListPaths = (
				"${PODS_ROOT}/Target Support Files/Pods-Cornhole Scorer/Pods-Cornhole Scorer-frameworks-${CONFIGURATION}-output-files.xcfilelist",
			);
			runOnlyForDeploymentPostprocessing = 0;
			shellPath = /bin/sh;
			shellScript = "\"${PODS_ROOT}/Target Support Files/Pods-Cornhole Scorer/Pods-Cornhole Scorer-frameworks.sh\"\n";
			showEnvVarsInLog = 0;
		};
/* End PBXShellScriptBuildPhase section */

/* Begin PBXSourcesBuildPhase section */
		571A99FD242C167F007B36CB /* Sources */ = {
			isa = PBXSourcesBuildPhase;
			buildActionMask = 2147483647;
			files = (
				571A9A04242C167F007B36CB /* CornholeUnitTests.swift in Sources */,
			);
			runOnlyForDeploymentPostprocessing = 0;
		};
		57C76D0D2412DF9200F1D91B /* Sources */ = {
			isa = PBXSourcesBuildPhase;
			buildActionMask = 2147483647;
			files = (
				57C76D142412DF9200F1D91B /* CornholeUITests.swift in Sources */,
			);
			runOnlyForDeploymentPostprocessing = 0;
		};
		57D6187420EADC1400A72C9C /* Sources */ = {
			isa = PBXSourcesBuildPhase;
			buildActionMask = 2147483647;
			files = (
				57D6188020EADC1400A72C9C /* MatchesViewController.swift in Sources */,
				57D6187C20EADC1400A72C9C /* AppDelegate.swift in Sources */,
				578709B723974F8A00997852 /* EditLeaguesViewControllerLeagueTableViewCell.swift in Sources */,
				57D6187E20EADC1400A72C9C /* ScoreboardViewController.swift in Sources */,
				578D28E22426A5660090DB3C /* QRScanViewController.swift in Sources */,
				573CC26C20EBFB8500BAAFB0 /* CornholeLibrary.swift in Sources */,
				5729F83220F0323100B5BB99 /* MatchesViewControllerMatchTableViewCell.swift in Sources */,
				57EEC9D124207E9800F54671 /* SelectColorViewController.swift in Sources */,
				5758F0872352408E009BBB25 /* EditLeaguesViewController.swift in Sources */,
				571A9A0C242C5D7E007B36CB /* MatchSettingsViewController.swift in Sources */,
				5766497B20EEAC6100DDA39C /* StatsViewController.swift in Sources */,
				57F490652352576E004ED2D7 /* LeagueDetailViewController.swift in Sources */,
				576C23DF23F0E71B007A1529 /* AppUtility.swift in Sources */,
				5718783E20EDBB8F00E67C53 /* MatchesViewControllerMatchInfoTableViewCell.swift in Sources */,
				57D618CE20EB1B3300A72C9C /* Cornhole.xcdatamodeld in Sources */,
				57658BE12422B0C800D8DBFE /* StandingsViewControllerRowTableViewCell.swift in Sources */,
				57D8BAFA2446306B00E6CC46 /* IAPManager.swift in Sources */,
				572E3205242D79BB00558A84 /* CustomColorViewController.swift in Sources */,
				57B4FADA2106813F00109981 /* SettingsViewController.swift in Sources */,
				57658BDF2422B0A700D8DBFE /* StandingsViewController.swift in Sources */,
			);
			runOnlyForDeploymentPostprocessing = 0;
		};
		57D6188A20EADC1500A72C9C /* Sources */ = {
			isa = PBXSourcesBuildPhase;
			buildActionMask = 2147483647;
			files = (
				57D6189320EADC1500A72C9C /* CornholeTests.swift in Sources */,
			);
			runOnlyForDeploymentPostprocessing = 0;
		};
/* End PBXSourcesBuildPhase section */

/* Begin PBXTargetDependency section */
		571A9A07242C167F007B36CB /* PBXTargetDependency */ = {
			isa = PBXTargetDependency;
			target = 57D6187720EADC1400A72C9C /* Cornhole Scorer */;
			targetProxy = 571A9A06242C167F007B36CB /* PBXContainerItemProxy */;
		};
		57C76D172412DF9200F1D91B /* PBXTargetDependency */ = {
			isa = PBXTargetDependency;
			target = 57D6187720EADC1400A72C9C /* Cornhole Scorer */;
			targetProxy = 57C76D162412DF9200F1D91B /* PBXContainerItemProxy */;
		};
		57D6189020EADC1500A72C9C /* PBXTargetDependency */ = {
			isa = PBXTargetDependency;
			target = 57D6187720EADC1400A72C9C /* Cornhole Scorer */;
			targetProxy = 57D6188F20EADC1500A72C9C /* PBXContainerItemProxy */;
		};
/* End PBXTargetDependency section */

/* Begin PBXVariantGroup section */
		57D6188120EADC1400A72C9C /* Main.storyboard */ = {
			isa = PBXVariantGroup;
			children = (
				57D6188220EADC1400A72C9C /* Base */,
			);
			name = Main.storyboard;
			sourceTree = "<group>";
		};
		57D6188620EADC1500A72C9C /* LaunchScreen.storyboard */ = {
			isa = PBXVariantGroup;
			children = (
				57D6188720EADC1500A72C9C /* Base */,
			);
			name = LaunchScreen.storyboard;
			sourceTree = "<group>";
		};
/* End PBXVariantGroup section */

/* Begin XCBuildConfiguration section */
		571A9A08242C167F007B36CB /* Debug */ = {
			isa = XCBuildConfiguration;
			buildSettings = {
				BUNDLE_LOADER = "$(TEST_HOST)";
				CODE_SIGN_STYLE = Automatic;
				DEVELOPMENT_TEAM = H5H633W272;
				HEADER_SEARCH_PATHS = "";
				INFOPLIST_FILE = CornholeUnitTests/Info.plist;
				IPHONEOS_DEPLOYMENT_TARGET = 13.2;
				LD_RUNPATH_SEARCH_PATHS = (
					"$(inherited)",
					"@executable_path/Frameworks",
					"@loader_path/Frameworks",
				);
				MTL_ENABLE_DEBUG_INFO = INCLUDE_SOURCE;
				MTL_FAST_MATH = YES;
				PRODUCT_BUNDLE_IDENTIFIER = com.alexwongapps.CornholeUnitTests;
				PRODUCT_NAME = "$(TARGET_NAME)";
				SWIFT_VERSION = 5.0;
				TARGETED_DEVICE_FAMILY = "1,2";
				TEST_HOST = "$(BUILT_PRODUCTS_DIR)/Cornhole Scorer.app/Cornhole Scorer";
			};
			name = Debug;
		};
		571A9A09242C167F007B36CB /* Release */ = {
			isa = XCBuildConfiguration;
			buildSettings = {
				BUNDLE_LOADER = "$(TEST_HOST)";
				CODE_SIGN_STYLE = Automatic;
				DEVELOPMENT_TEAM = H5H633W272;
				HEADER_SEARCH_PATHS = "";
				INFOPLIST_FILE = CornholeUnitTests/Info.plist;
				IPHONEOS_DEPLOYMENT_TARGET = 13.2;
				LD_RUNPATH_SEARCH_PATHS = (
					"$(inherited)",
					"@executable_path/Frameworks",
					"@loader_path/Frameworks",
				);
				MTL_FAST_MATH = YES;
				PRODUCT_BUNDLE_IDENTIFIER = com.alexwongapps.CornholeUnitTests;
				PRODUCT_NAME = "$(TARGET_NAME)";
				SWIFT_VERSION = 5.0;
				TARGETED_DEVICE_FAMILY = "1,2";
				TEST_HOST = "$(BUILT_PRODUCTS_DIR)/Cornhole Scorer.app/Cornhole Scorer";
			};
			name = Release;
		};
		57C76D182412DF9200F1D91B /* Debug */ = {
			isa = XCBuildConfiguration;
			buildSettings = {
				CODE_SIGN_STYLE = Automatic;
				DEVELOPMENT_TEAM = H5H633W272;
				INFOPLIST_FILE = CornholeUITests/Info.plist;
				IPHONEOS_DEPLOYMENT_TARGET = 13.2;
				LD_RUNPATH_SEARCH_PATHS = (
					"$(inherited)",
					"@executable_path/Frameworks",
					"@loader_path/Frameworks",
				);
				MTL_ENABLE_DEBUG_INFO = INCLUDE_SOURCE;
				MTL_FAST_MATH = YES;
				PRODUCT_BUNDLE_IDENTIFIER = com.alexwongapps.CornholeUITests;
				PRODUCT_NAME = "$(TARGET_NAME)";
				SWIFT_VERSION = 5.0;
				TARGETED_DEVICE_FAMILY = "1,2";
				TEST_TARGET_NAME = "Cornhole Scorer";
			};
			name = Debug;
		};
		57C76D192412DF9200F1D91B /* Release */ = {
			isa = XCBuildConfiguration;
			buildSettings = {
				CODE_SIGN_STYLE = Automatic;
				DEVELOPMENT_TEAM = H5H633W272;
				INFOPLIST_FILE = CornholeUITests/Info.plist;
				IPHONEOS_DEPLOYMENT_TARGET = 13.2;
				LD_RUNPATH_SEARCH_PATHS = (
					"$(inherited)",
					"@executable_path/Frameworks",
					"@loader_path/Frameworks",
				);
				MTL_FAST_MATH = YES;
				PRODUCT_BUNDLE_IDENTIFIER = com.alexwongapps.CornholeUITests;
				PRODUCT_NAME = "$(TARGET_NAME)";
				SWIFT_VERSION = 5.0;
				TARGETED_DEVICE_FAMILY = "1,2";
				TEST_TARGET_NAME = "Cornhole Scorer";
			};
			name = Release;
		};
		57D6189520EADC1500A72C9C /* Debug */ = {
			isa = XCBuildConfiguration;
			buildSettings = {
				ALWAYS_SEARCH_USER_PATHS = NO;
				CLANG_ANALYZER_NONNULL = YES;
				CLANG_ANALYZER_NUMBER_OBJECT_CONVERSION = YES_AGGRESSIVE;
				CLANG_CXX_LANGUAGE_STANDARD = "gnu++14";
				CLANG_CXX_LIBRARY = "libc++";
				CLANG_ENABLE_MODULES = YES;
				CLANG_ENABLE_OBJC_ARC = YES;
				CLANG_ENABLE_OBJC_WEAK = YES;
				CLANG_WARN_BLOCK_CAPTURE_AUTORELEASING = YES;
				CLANG_WARN_BOOL_CONVERSION = YES;
				CLANG_WARN_COMMA = YES;
				CLANG_WARN_CONSTANT_CONVERSION = YES;
				CLANG_WARN_DEPRECATED_OBJC_IMPLEMENTATIONS = YES;
				CLANG_WARN_DIRECT_OBJC_ISA_USAGE = YES_ERROR;
				CLANG_WARN_DOCUMENTATION_COMMENTS = YES;
				CLANG_WARN_EMPTY_BODY = YES;
				CLANG_WARN_ENUM_CONVERSION = YES;
				CLANG_WARN_INFINITE_RECURSION = YES;
				CLANG_WARN_INT_CONVERSION = YES;
				CLANG_WARN_NON_LITERAL_NULL_CONVERSION = YES;
				CLANG_WARN_OBJC_IMPLICIT_RETAIN_SELF = YES;
				CLANG_WARN_OBJC_LITERAL_CONVERSION = YES;
				CLANG_WARN_OBJC_ROOT_CLASS = YES_ERROR;
				CLANG_WARN_RANGE_LOOP_ANALYSIS = YES;
				CLANG_WARN_STRICT_PROTOTYPES = YES;
				CLANG_WARN_SUSPICIOUS_MOVE = YES;
				CLANG_WARN_UNGUARDED_AVAILABILITY = YES_AGGRESSIVE;
				CLANG_WARN_UNREACHABLE_CODE = YES;
				CLANG_WARN__DUPLICATE_METHOD_MATCH = YES;
				CODE_SIGN_IDENTITY = "iPhone Developer";
				COPY_PHASE_STRIP = NO;
				DEBUG_INFORMATION_FORMAT = dwarf;
				ENABLE_STRICT_OBJC_MSGSEND = YES;
				ENABLE_TESTABILITY = YES;
				GCC_C_LANGUAGE_STANDARD = gnu11;
				GCC_DYNAMIC_NO_PIC = NO;
				GCC_NO_COMMON_BLOCKS = YES;
				GCC_OPTIMIZATION_LEVEL = 0;
				GCC_PREPROCESSOR_DEFINITIONS = (
					"DEBUG=1",
					"$(inherited)",
				);
				GCC_WARN_64_TO_32_BIT_CONVERSION = YES;
				GCC_WARN_ABOUT_RETURN_TYPE = YES_ERROR;
				GCC_WARN_UNDECLARED_SELECTOR = YES;
				GCC_WARN_UNINITIALIZED_AUTOS = YES_AGGRESSIVE;
				GCC_WARN_UNUSED_FUNCTION = YES;
				GCC_WARN_UNUSED_VARIABLE = YES;
				IPHONEOS_DEPLOYMENT_TARGET = 11.4;
				MTL_ENABLE_DEBUG_INFO = YES;
				ONLY_ACTIVE_ARCH = YES;
				SDKROOT = iphoneos;
				SWIFT_ACTIVE_COMPILATION_CONDITIONS = DEBUG;
				SWIFT_OPTIMIZATION_LEVEL = "-Onone";
			};
			name = Debug;
		};
		57D6189620EADC1500A72C9C /* Release */ = {
			isa = XCBuildConfiguration;
			buildSettings = {
				ALWAYS_SEARCH_USER_PATHS = NO;
				CLANG_ANALYZER_NONNULL = YES;
				CLANG_ANALYZER_NUMBER_OBJECT_CONVERSION = YES_AGGRESSIVE;
				CLANG_CXX_LANGUAGE_STANDARD = "gnu++14";
				CLANG_CXX_LIBRARY = "libc++";
				CLANG_ENABLE_MODULES = YES;
				CLANG_ENABLE_OBJC_ARC = YES;
				CLANG_ENABLE_OBJC_WEAK = YES;
				CLANG_WARN_BLOCK_CAPTURE_AUTORELEASING = YES;
				CLANG_WARN_BOOL_CONVERSION = YES;
				CLANG_WARN_COMMA = YES;
				CLANG_WARN_CONSTANT_CONVERSION = YES;
				CLANG_WARN_DEPRECATED_OBJC_IMPLEMENTATIONS = YES;
				CLANG_WARN_DIRECT_OBJC_ISA_USAGE = YES_ERROR;
				CLANG_WARN_DOCUMENTATION_COMMENTS = YES;
				CLANG_WARN_EMPTY_BODY = YES;
				CLANG_WARN_ENUM_CONVERSION = YES;
				CLANG_WARN_INFINITE_RECURSION = YES;
				CLANG_WARN_INT_CONVERSION = YES;
				CLANG_WARN_NON_LITERAL_NULL_CONVERSION = YES;
				CLANG_WARN_OBJC_IMPLICIT_RETAIN_SELF = YES;
				CLANG_WARN_OBJC_LITERAL_CONVERSION = YES;
				CLANG_WARN_OBJC_ROOT_CLASS = YES_ERROR;
				CLANG_WARN_RANGE_LOOP_ANALYSIS = YES;
				CLANG_WARN_STRICT_PROTOTYPES = YES;
				CLANG_WARN_SUSPICIOUS_MOVE = YES;
				CLANG_WARN_UNGUARDED_AVAILABILITY = YES_AGGRESSIVE;
				CLANG_WARN_UNREACHABLE_CODE = YES;
				CLANG_WARN__DUPLICATE_METHOD_MATCH = YES;
				CODE_SIGN_IDENTITY = "iPhone Developer";
				COPY_PHASE_STRIP = NO;
				DEBUG_INFORMATION_FORMAT = "dwarf-with-dsym";
				ENABLE_NS_ASSERTIONS = NO;
				ENABLE_STRICT_OBJC_MSGSEND = YES;
				GCC_C_LANGUAGE_STANDARD = gnu11;
				GCC_NO_COMMON_BLOCKS = YES;
				GCC_WARN_64_TO_32_BIT_CONVERSION = YES;
				GCC_WARN_ABOUT_RETURN_TYPE = YES_ERROR;
				GCC_WARN_UNDECLARED_SELECTOR = YES;
				GCC_WARN_UNINITIALIZED_AUTOS = YES_AGGRESSIVE;
				GCC_WARN_UNUSED_FUNCTION = YES;
				GCC_WARN_UNUSED_VARIABLE = YES;
				IPHONEOS_DEPLOYMENT_TARGET = 11.4;
				MTL_ENABLE_DEBUG_INFO = NO;
				SDKROOT = iphoneos;
				SWIFT_COMPILATION_MODE = wholemodule;
				SWIFT_OPTIMIZATION_LEVEL = "-O";
				VALIDATE_PRODUCT = YES;
			};
			name = Release;
		};
		57D6189820EADC1500A72C9C /* Debug */ = {
			isa = XCBuildConfiguration;
			baseConfigurationReference = 3BDEAE40A974F0796C00EEC8 /* Pods-Cornhole Scorer.debug.xcconfig */;
			buildSettings = {
				ASSETCATALOG_COMPILER_APPICON_NAME = AppIcon;
				CODE_SIGN_ENTITLEMENTS = "Cornhole Scorer.entitlements";
				CODE_SIGN_IDENTITY = "iPhone Developer";
				CODE_SIGN_STYLE = Manual;
				CURRENT_PROJECT_VERSION = 2;
				DEVELOPMENT_TEAM = H5H633W272;
				INFOPLIST_FILE = Cornhole/Info.plist;
				IPHONEOS_DEPLOYMENT_TARGET = 11.0;
				LD_RUNPATH_SEARCH_PATHS = (
					"$(inherited)",
					"@executable_path/Frameworks",
				);
				MARKETING_VERSION = 3.0;
				PRODUCT_BUNDLE_IDENTIFIER = com.kidscancode.CornholeScorer;
				PRODUCT_NAME = "$(TARGET_NAME)";
				PROVISIONING_PROFILE_SPECIFIER = "Cornhole Scorer Provisioning Profile";
				SUPPORTS_MACCATALYST = NO;
				SWIFT_VERSION = 5.0;
				TARGETED_DEVICE_FAMILY = "1,2";
			};
			name = Debug;
		};
		57D6189920EADC1500A72C9C /* Release */ = {
			isa = XCBuildConfiguration;
			baseConfigurationReference = 2C801A36F0B46D8CE13D97C5 /* Pods-Cornhole Scorer.release.xcconfig */;
			buildSettings = {
				ASSETCATALOG_COMPILER_APPICON_NAME = AppIcon;
				CODE_SIGN_ENTITLEMENTS = "Cornhole Scorer.entitlements";
				CODE_SIGN_IDENTITY = "iPhone Developer";
				CODE_SIGN_STYLE = Manual;
				CURRENT_PROJECT_VERSION = 2;
				DEVELOPMENT_TEAM = H5H633W272;
				INFOPLIST_FILE = Cornhole/Info.plist;
				IPHONEOS_DEPLOYMENT_TARGET = 11.0;
				LD_RUNPATH_SEARCH_PATHS = (
					"$(inherited)",
					"@executable_path/Frameworks",
				);
				MARKETING_VERSION = 3.0;
				PRODUCT_BUNDLE_IDENTIFIER = com.kidscancode.CornholeScorer;
				PRODUCT_NAME = "$(TARGET_NAME)";
				PROVISIONING_PROFILE_SPECIFIER = "Cornhole Scorer Provisioning Profile";
				SUPPORTS_MACCATALYST = NO;
				SWIFT_VERSION = 5.0;
				TARGETED_DEVICE_FAMILY = "1,2";
			};
			name = Release;
		};
		57D6189B20EADC1500A72C9C /* Debug */ = {
			isa = XCBuildConfiguration;
			baseConfigurationReference = D82F22497271F0E4CBDECBAB /* Pods-Cornhole ScorerTests.debug.xcconfig */;
			buildSettings = {
				ALWAYS_EMBED_SWIFT_STANDARD_LIBRARIES = YES;
				BUNDLE_LOADER = "$(TEST_HOST)";
				CODE_SIGN_STYLE = Automatic;
				DEVELOPMENT_TEAM = 625H5P8M26;
				INFOPLIST_FILE = CornholeTests/Info.plist;
				LD_RUNPATH_SEARCH_PATHS = (
					"$(inherited)",
					"@executable_path/Frameworks",
					"@loader_path/Frameworks",
				);
				PRODUCT_BUNDLE_IDENTIFIER = com.example.CornholeTests;
				PRODUCT_NAME = "$(TARGET_NAME)";
				SWIFT_VERSION = 5.0;
				TARGETED_DEVICE_FAMILY = "1,2";
				TEST_HOST = "$(BUILT_PRODUCTS_DIR)/Cornhole Scorer.app/Cornhole Scorer";
			};
			name = Debug;
		};
		57D6189C20EADC1500A72C9C /* Release */ = {
			isa = XCBuildConfiguration;
			baseConfigurationReference = C9D24FE8A8A8199096B7558B /* Pods-Cornhole ScorerTests.release.xcconfig */;
			buildSettings = {
				ALWAYS_EMBED_SWIFT_STANDARD_LIBRARIES = YES;
				BUNDLE_LOADER = "$(TEST_HOST)";
				CODE_SIGN_STYLE = Automatic;
				DEVELOPMENT_TEAM = 625H5P8M26;
				INFOPLIST_FILE = CornholeTests/Info.plist;
				LD_RUNPATH_SEARCH_PATHS = (
					"$(inherited)",
					"@executable_path/Frameworks",
					"@loader_path/Frameworks",
				);
				PRODUCT_BUNDLE_IDENTIFIER = com.example.CornholeTests;
				PRODUCT_NAME = "$(TARGET_NAME)";
				SWIFT_VERSION = 5.0;
				TARGETED_DEVICE_FAMILY = "1,2";
				TEST_HOST = "$(BUILT_PRODUCTS_DIR)/Cornhole Scorer.app/Cornhole Scorer";
			};
			name = Release;
		};
/* End XCBuildConfiguration section */

/* Begin XCConfigurationList section */
		571A9A0A242C167F007B36CB /* Build configuration list for PBXNativeTarget "CornholeUnitTests" */ = {
			isa = XCConfigurationList;
			buildConfigurations = (
				571A9A08242C167F007B36CB /* Debug */,
				571A9A09242C167F007B36CB /* Release */,
			);
			defaultConfigurationIsVisible = 0;
			defaultConfigurationName = Release;
		};
		57C76D1A2412DF9200F1D91B /* Build configuration list for PBXNativeTarget "CornholeUITests" */ = {
			isa = XCConfigurationList;
			buildConfigurations = (
				57C76D182412DF9200F1D91B /* Debug */,
				57C76D192412DF9200F1D91B /* Release */,
			);
			defaultConfigurationIsVisible = 0;
			defaultConfigurationName = Release;
		};
		57D6187320EADC1400A72C9C /* Build configuration list for PBXProject "Cornhole Scorer" */ = {
			isa = XCConfigurationList;
			buildConfigurations = (
				57D6189520EADC1500A72C9C /* Debug */,
				57D6189620EADC1500A72C9C /* Release */,
			);
			defaultConfigurationIsVisible = 0;
			defaultConfigurationName = Release;
		};
		57D6189720EADC1500A72C9C /* Build configuration list for PBXNativeTarget "Cornhole Scorer" */ = {
			isa = XCConfigurationList;
			buildConfigurations = (
				57D6189820EADC1500A72C9C /* Debug */,
				57D6189920EADC1500A72C9C /* Release */,
			);
			defaultConfigurationIsVisible = 0;
			defaultConfigurationName = Release;
		};
		57D6189A20EADC1500A72C9C /* Build configuration list for PBXNativeTarget "Cornhole ScorerTests" */ = {
			isa = XCConfigurationList;
			buildConfigurations = (
				57D6189B20EADC1500A72C9C /* Debug */,
				57D6189C20EADC1500A72C9C /* Release */,
			);
			defaultConfigurationIsVisible = 0;
			defaultConfigurationName = Release;
		};
/* End XCConfigurationList section */

/* Begin XCVersionGroup section */
		57D618CC20EB1B3300A72C9C /* Cornhole.xcdatamodeld */ = {
			isa = XCVersionGroup;
			children = (
				571B821B23345DDF002E8F70 /* Cornhole v2.xcdatamodel */,
				57D618CD20EB1B3300A72C9C /* Cornhole.xcdatamodel */,
			);
			currentVersion = 571B821B23345DDF002E8F70 /* Cornhole v2.xcdatamodel */;
			path = Cornhole.xcdatamodeld;
			sourceTree = "<group>";
			versionGroupType = wrapper.xcdatamodel;
		};
/* End XCVersionGroup section */
	};
	rootObject = 57D6187020EADC1400A72C9C /* Project object */;
}
